// !$*UTF8*$!
{
	archiveVersion = 1;
	classes = {
	};
	objectVersion = 51;
	objects = {

/* Begin PBXBuildFile section */
		315A055626ACA0B300853C6B /* DatabaseHandler.swift in Sources */ = {isa = PBXBuildFile; fileRef = 315A055526ACA0B300853C6B /* DatabaseHandler.swift */; };
		315A055926ACBC3700853C6B /* DatabaseDocument.swift in Sources */ = {isa = PBXBuildFile; fileRef = 315A055826ACBC3700853C6B /* DatabaseDocument.swift */; };
		315A055D26ACC35500853C6B /* Project.swift in Sources */ = {isa = PBXBuildFile; fileRef = 315A055C26ACC35500853C6B /* Project.swift */; };
		317D828026AB0B3500EB62EC /* AuthConstants.swift in Sources */ = {isa = PBXBuildFile; fileRef = 317D827F26AB0B3500EB62EC /* AuthConstants.swift */; };
		317D828626AB0DE200EB62EC /* APICaller.swift in Sources */ = {isa = PBXBuildFile; fileRef = 317D828526AB0DE200EB62EC /* APICaller.swift */; };
		317D82AB26AB1C5F00EB62EC /* GithubAuthResponse.swift in Sources */ = {isa = PBXBuildFile; fileRef = 317D82AA26AB1C5F00EB62EC /* GithubAuthResponse.swift */; };
		317D82AE26AB441800EB62EC /* UIColorExtension.swift in Sources */ = {isa = PBXBuildFile; fileRef = 317D82AD26AB441800EB62EC /* UIColorExtension.swift */; };
		317D82B226AB45E300EB62EC /* Navigation.storyboard in Resources */ = {isa = PBXBuildFile; fileRef = 317D82B126AB45E300EB62EC /* Navigation.storyboard */; };
		317D82B726AB463E00EB62EC /* Home.storyboard in Resources */ = {isa = PBXBuildFile; fileRef = 317D82B626AB463E00EB62EC /* Home.storyboard */; };
		317D82BA26AB465C00EB62EC /* HomeViewController.swift in Sources */ = {isa = PBXBuildFile; fileRef = 317D82B926AB465C00EB62EC /* HomeViewController.swift */; };
		317D82BD26AB471600EB62EC /* NavigationTabBarViewController.swift in Sources */ = {isa = PBXBuildFile; fileRef = 317D82BC26AB471600EB62EC /* NavigationTabBarViewController.swift */; };
		317D82C126AB4CC500EB62EC /* CurrentUser.swift in Sources */ = {isa = PBXBuildFile; fileRef = 317D82C026AB4CC500EB62EC /* CurrentUser.swift */; };
		31E7B5BC26AC1DC70062CFEC /* Conversations.storyboard in Resources */ = {isa = PBXBuildFile; fileRef = 31E7B5BB26AC1DC70062CFEC /* Conversations.storyboard */; };
		31E7B5BF26AC1DE50062CFEC /* MyProjects.storyboard in Resources */ = {isa = PBXBuildFile; fileRef = 31E7B5BE26AC1DE50062CFEC /* MyProjects.storyboard */; };
		31E7B5C226AC1E0D0062CFEC /* ConversationsViewController.swift in Sources */ = {isa = PBXBuildFile; fileRef = 31E7B5C126AC1E0D0062CFEC /* ConversationsViewController.swift */; };
		31E7B5C526AC1E2A0062CFEC /* MyProjectsViewController.swift in Sources */ = {isa = PBXBuildFile; fileRef = 31E7B5C426AC1E2A0062CFEC /* MyProjectsViewController.swift */; };
		31E7B5F326AC2A640062CFEC /* Animator.swift in Sources */ = {isa = PBXBuildFile; fileRef = 31E7B5F226AC2A640062CFEC /* Animator.swift */; };
		31E7B5F826AC340A0062CFEC /* ProjectEditor.storyboard in Resources */ = {isa = PBXBuildFile; fileRef = 31E7B5F726AC340A0062CFEC /* ProjectEditor.storyboard */; };
		31E7B5FB26AC34260062CFEC /* ProjectEditorViewController.swift in Sources */ = {isa = PBXBuildFile; fileRef = 31E7B5FA26AC34260062CFEC /* ProjectEditorViewController.swift */; };
		31E7B62126AC4C630062CFEC /* WSTagsFieldExtension.swift in Sources */ = {isa = PBXBuildFile; fileRef = 31E7B62026AC4C630062CFEC /* WSTagsFieldExtension.swift */; };
		31E7B62426AC52910062CFEC /* BadWords.swift in Sources */ = {isa = PBXBuildFile; fileRef = 31E7B62326AC52910062CFEC /* BadWords.swift */; };
		31E86D9C26AABF0000A96947 /* AppDelegate.swift in Sources */ = {isa = PBXBuildFile; fileRef = 31E86D9B26AABF0000A96947 /* AppDelegate.swift */; };
		31E86D9E26AABF0000A96947 /* SceneDelegate.swift in Sources */ = {isa = PBXBuildFile; fileRef = 31E86D9D26AABF0000A96947 /* SceneDelegate.swift */; };
		31E86DA526AABF0200A96947 /* Assets.xcassets in Resources */ = {isa = PBXBuildFile; fileRef = 31E86DA426AABF0200A96947 /* Assets.xcassets */; };
		31E86DA826AABF0200A96947 /* LaunchScreen.storyboard in Resources */ = {isa = PBXBuildFile; fileRef = 31E86DA626AABF0200A96947 /* LaunchScreen.storyboard */; };
		31E86DF026AAC97F00A96947 /* Authentication.storyboard in Resources */ = {isa = PBXBuildFile; fileRef = 31E86DEF26AAC97F00A96947 /* Authentication.storyboard */; };
		31E86DF326AAC99A00A96947 /* LoginViewController.swift in Sources */ = {isa = PBXBuildFile; fileRef = 31E86DF226AAC99A00A96947 /* LoginViewController.swift */; };
		31E86DF726AAC9D500A96947 /* StoryboardExtension.swift in Sources */ = {isa = PBXBuildFile; fileRef = 31E86DF626AAC9D500A96947 /* StoryboardExtension.swift */; };
		31E86DFA26AACE6B00A96947 /* LoginNavigationViewController.swift in Sources */ = {isa = PBXBuildFile; fileRef = 31E86DF926AACE6B00A96947 /* LoginNavigationViewController.swift */; };
		31E86DFD26AAD15300A96947 /* RegisterViewController.swift in Sources */ = {isa = PBXBuildFile; fileRef = 31E86DFC26AAD15300A96947 /* RegisterViewController.swift */; };
		31E86E0026AAD1D900A96947 /* UITextFieldExtension.swift in Sources */ = {isa = PBXBuildFile; fileRef = 31E86DFF26AAD1D900A96947 /* UITextFieldExtension.swift */; };
		31E86E0426AAD35E00A96947 /* GoogleService-Info.plist in Resources */ = {isa = PBXBuildFile; fileRef = 31E86E0326AAD35E00A96947 /* GoogleService-Info.plist */; };
		31E86E2026AAD52D00A96947 /* Alerter.swift in Sources */ = {isa = PBXBuildFile; fileRef = 31E86E1F26AAD52D00A96947 /* Alerter.swift */; };
		31E86E5C26AAE48C00A96947 /* UIViewControllerExtension.swift in Sources */ = {isa = PBXBuildFile; fileRef = 31E86E5B26AAE48C00A96947 /* UIViewControllerExtension.swift */; };
		31F72B8D26AD6C7F0094892E /* HomeTableViewCell.swift in Sources */ = {isa = PBXBuildFile; fileRef = 31F72B8B26AD6C7F0094892E /* HomeTableViewCell.swift */; };
		31F72B8E26AD6C7F0094892E /* HomeTableViewCell.xib in Resources */ = {isa = PBXBuildFile; fileRef = 31F72B8C26AD6C7F0094892E /* HomeTableViewCell.xib */; };
		499B0FBE388EA68C287508E3 /* Pods_Connect.framework in Frameworks */ = {isa = PBXBuildFile; fileRef = 2FF331DFEB7151D9D9BA7EC9 /* Pods_Connect.framework */; };
/* End PBXBuildFile section */

/* Begin PBXFileReference section */
		0F9ABDA4BCE5C2E9C40660B4 /* Pods-Connect.debug.xcconfig */ = {isa = PBXFileReference; includeInIndex = 1; lastKnownFileType = text.xcconfig; name = "Pods-Connect.debug.xcconfig"; path = "Target Support Files/Pods-Connect/Pods-Connect.debug.xcconfig"; sourceTree = "<group>"; };
		2FF331DFEB7151D9D9BA7EC9 /* Pods_Connect.framework */ = {isa = PBXFileReference; explicitFileType = wrapper.framework; includeInIndex = 0; path = Pods_Connect.framework; sourceTree = BUILT_PRODUCTS_DIR; };
		315A055526ACA0B300853C6B /* DatabaseHandler.swift */ = {isa = PBXFileReference; lastKnownFileType = sourcecode.swift; path = DatabaseHandler.swift; sourceTree = "<group>"; };
		315A055826ACBC3700853C6B /* DatabaseDocument.swift */ = {isa = PBXFileReference; lastKnownFileType = sourcecode.swift; path = DatabaseDocument.swift; sourceTree = "<group>"; };
		315A055C26ACC35500853C6B /* Project.swift */ = {isa = PBXFileReference; lastKnownFileType = sourcecode.swift; path = Project.swift; sourceTree = "<group>"; };
		317D827F26AB0B3500EB62EC /* AuthConstants.swift */ = {isa = PBXFileReference; lastKnownFileType = sourcecode.swift; path = AuthConstants.swift; sourceTree = "<group>"; };
		317D828526AB0DE200EB62EC /* APICaller.swift */ = {isa = PBXFileReference; lastKnownFileType = sourcecode.swift; path = APICaller.swift; sourceTree = "<group>"; };
		317D82AA26AB1C5F00EB62EC /* GithubAuthResponse.swift */ = {isa = PBXFileReference; lastKnownFileType = sourcecode.swift; path = GithubAuthResponse.swift; sourceTree = "<group>"; };
		317D82AD26AB441800EB62EC /* UIColorExtension.swift */ = {isa = PBXFileReference; lastKnownFileType = sourcecode.swift; path = UIColorExtension.swift; sourceTree = "<group>"; };
		317D82B126AB45E300EB62EC /* Navigation.storyboard */ = {isa = PBXFileReference; lastKnownFileType = file.storyboard; path = Navigation.storyboard; sourceTree = "<group>"; };
		317D82B626AB463E00EB62EC /* Home.storyboard */ = {isa = PBXFileReference; lastKnownFileType = file.storyboard; path = Home.storyboard; sourceTree = "<group>"; };
		317D82B926AB465C00EB62EC /* HomeViewController.swift */ = {isa = PBXFileReference; lastKnownFileType = sourcecode.swift; path = HomeViewController.swift; sourceTree = "<group>"; };
		317D82BC26AB471600EB62EC /* NavigationTabBarViewController.swift */ = {isa = PBXFileReference; lastKnownFileType = sourcecode.swift; path = NavigationTabBarViewController.swift; sourceTree = "<group>"; };
		317D82C026AB4CC500EB62EC /* CurrentUser.swift */ = {isa = PBXFileReference; lastKnownFileType = sourcecode.swift; path = CurrentUser.swift; sourceTree = "<group>"; };
		31E7B5BB26AC1DC70062CFEC /* Conversations.storyboard */ = {isa = PBXFileReference; lastKnownFileType = file.storyboard; path = Conversations.storyboard; sourceTree = "<group>"; };
		31E7B5BE26AC1DE50062CFEC /* MyProjects.storyboard */ = {isa = PBXFileReference; lastKnownFileType = file.storyboard; path = MyProjects.storyboard; sourceTree = "<group>"; };
		31E7B5C126AC1E0D0062CFEC /* ConversationsViewController.swift */ = {isa = PBXFileReference; lastKnownFileType = sourcecode.swift; path = ConversationsViewController.swift; sourceTree = "<group>"; };
		31E7B5C426AC1E2A0062CFEC /* MyProjectsViewController.swift */ = {isa = PBXFileReference; lastKnownFileType = sourcecode.swift; path = MyProjectsViewController.swift; sourceTree = "<group>"; };
		31E7B5F226AC2A640062CFEC /* Animator.swift */ = {isa = PBXFileReference; lastKnownFileType = sourcecode.swift; path = Animator.swift; sourceTree = "<group>"; };
		31E7B5F726AC340A0062CFEC /* ProjectEditor.storyboard */ = {isa = PBXFileReference; lastKnownFileType = file.storyboard; path = ProjectEditor.storyboard; sourceTree = "<group>"; };
		31E7B5FA26AC34260062CFEC /* ProjectEditorViewController.swift */ = {isa = PBXFileReference; lastKnownFileType = sourcecode.swift; path = ProjectEditorViewController.swift; sourceTree = "<group>"; };
		31E7B62026AC4C630062CFEC /* WSTagsFieldExtension.swift */ = {isa = PBXFileReference; lastKnownFileType = sourcecode.swift; path = WSTagsFieldExtension.swift; sourceTree = "<group>"; };
		31E7B62326AC52910062CFEC /* BadWords.swift */ = {isa = PBXFileReference; lastKnownFileType = sourcecode.swift; path = BadWords.swift; sourceTree = "<group>"; };
		31E86D9826AABEFF00A96947 /* Connect.app */ = {isa = PBXFileReference; explicitFileType = wrapper.application; includeInIndex = 0; path = Connect.app; sourceTree = BUILT_PRODUCTS_DIR; };
		31E86D9B26AABF0000A96947 /* AppDelegate.swift */ = {isa = PBXFileReference; lastKnownFileType = sourcecode.swift; path = AppDelegate.swift; sourceTree = "<group>"; };
		31E86D9D26AABF0000A96947 /* SceneDelegate.swift */ = {isa = PBXFileReference; lastKnownFileType = sourcecode.swift; path = SceneDelegate.swift; sourceTree = "<group>"; };
		31E86DA426AABF0200A96947 /* Assets.xcassets */ = {isa = PBXFileReference; lastKnownFileType = folder.assetcatalog; path = Assets.xcassets; sourceTree = "<group>"; };
		31E86DA726AABF0200A96947 /* Base */ = {isa = PBXFileReference; lastKnownFileType = file.storyboard; name = Base; path = Base.lproj/LaunchScreen.storyboard; sourceTree = "<group>"; };
		31E86DA926AABF0200A96947 /* Info.plist */ = {isa = PBXFileReference; lastKnownFileType = text.plist.xml; path = Info.plist; sourceTree = "<group>"; };
		31E86DEF26AAC97F00A96947 /* Authentication.storyboard */ = {isa = PBXFileReference; lastKnownFileType = file.storyboard; path = Authentication.storyboard; sourceTree = "<group>"; };
		31E86DF226AAC99A00A96947 /* LoginViewController.swift */ = {isa = PBXFileReference; lastKnownFileType = sourcecode.swift; path = LoginViewController.swift; sourceTree = "<group>"; };
		31E86DF626AAC9D500A96947 /* StoryboardExtension.swift */ = {isa = PBXFileReference; lastKnownFileType = sourcecode.swift; path = StoryboardExtension.swift; sourceTree = "<group>"; };
		31E86DF926AACE6B00A96947 /* LoginNavigationViewController.swift */ = {isa = PBXFileReference; lastKnownFileType = sourcecode.swift; path = LoginNavigationViewController.swift; sourceTree = "<group>"; };
		31E86DFC26AAD15300A96947 /* RegisterViewController.swift */ = {isa = PBXFileReference; lastKnownFileType = sourcecode.swift; path = RegisterViewController.swift; sourceTree = "<group>"; };
		31E86DFF26AAD1D900A96947 /* UITextFieldExtension.swift */ = {isa = PBXFileReference; lastKnownFileType = sourcecode.swift; path = UITextFieldExtension.swift; sourceTree = "<group>"; };
		31E86E0326AAD35E00A96947 /* GoogleService-Info.plist */ = {isa = PBXFileReference; fileEncoding = 4; lastKnownFileType = text.plist.xml; path = "GoogleService-Info.plist"; sourceTree = "<group>"; };
		31E86E1F26AAD52D00A96947 /* Alerter.swift */ = {isa = PBXFileReference; lastKnownFileType = sourcecode.swift; path = Alerter.swift; sourceTree = "<group>"; };
		31E86E5B26AAE48C00A96947 /* UIViewControllerExtension.swift */ = {isa = PBXFileReference; lastKnownFileType = sourcecode.swift; path = UIViewControllerExtension.swift; sourceTree = "<group>"; };
		31F72B8B26AD6C7F0094892E /* HomeTableViewCell.swift */ = {isa = PBXFileReference; lastKnownFileType = sourcecode.swift; path = HomeTableViewCell.swift; sourceTree = "<group>"; };
		31F72B8C26AD6C7F0094892E /* HomeTableViewCell.xib */ = {isa = PBXFileReference; lastKnownFileType = file.xib; path = HomeTableViewCell.xib; sourceTree = "<group>"; };
		35EB784B9E5DC9635B0E0F43 /* Pods-Connect.release.xcconfig */ = {isa = PBXFileReference; includeInIndex = 1; lastKnownFileType = text.xcconfig; name = "Pods-Connect.release.xcconfig"; path = "Target Support Files/Pods-Connect/Pods-Connect.release.xcconfig"; sourceTree = "<group>"; };
/* End PBXFileReference section */

/* Begin PBXFrameworksBuildPhase section */
		31E86D9526AABEFF00A96947 /* Frameworks */ = {
			isa = PBXFrameworksBuildPhase;
			buildActionMask = 2147483647;
			files = (
				499B0FBE388EA68C287508E3 /* Pods_Connect.framework in Frameworks */,
			);
			runOnlyForDeploymentPostprocessing = 0;
		};
/* End PBXFrameworksBuildPhase section */

/* Begin PBXGroup section */
		317D827E26AB0B2700EB62EC /* Constants */ = {
			isa = PBXGroup;
			children = (
				317D827F26AB0B3500EB62EC /* AuthConstants.swift */,
			);
			path = Constants;
			sourceTree = "<group>";
		};
		317D828426AB0DD300EB62EC /* Services */ = {
			isa = PBXGroup;
			children = (
				317D828526AB0DE200EB62EC /* APICaller.swift */,
				315A055526ACA0B300853C6B /* DatabaseHandler.swift */,
			);
			path = Services;
			sourceTree = "<group>";
		};
		317D82A926AB1C4800EB62EC /* Models */ = {
			isa = PBXGroup;
			children = (
				317D82AA26AB1C5F00EB62EC /* GithubAuthResponse.swift */,
				31E7B62326AC52910062CFEC /* BadWords.swift */,
				315A055826ACBC3700853C6B /* DatabaseDocument.swift */,
				315A055C26ACC35500853C6B /* Project.swift */,
			);
			path = Models;
			sourceTree = "<group>";
		};
		317D82B026AB45D600EB62EC /* Navigation */ = {
			isa = PBXGroup;
			children = (
				317D82B126AB45E300EB62EC /* Navigation.storyboard */,
				317D82BC26AB471600EB62EC /* NavigationTabBarViewController.swift */,
			);
			path = Navigation;
			sourceTree = "<group>";
		};
		317D82B526AB463500EB62EC /* Home */ = {
			isa = PBXGroup;
			children = (
				31F72B8A26AD6C610094892E /* TableView */,
				317D82B626AB463E00EB62EC /* Home.storyboard */,
				317D82B926AB465C00EB62EC /* HomeViewController.swift */,
			);
			path = Home;
			sourceTree = "<group>";
		};
		317D82BF26AB4CB100EB62EC /* CurrentUser */ = {
			isa = PBXGroup;
			children = (
				317D82C026AB4CC500EB62EC /* CurrentUser.swift */,
			);
			path = CurrentUser;
			sourceTree = "<group>";
		};
		31E7B5B926AC1D9A0062CFEC /* Conversations */ = {
			isa = PBXGroup;
			children = (
				31E7B5BB26AC1DC70062CFEC /* Conversations.storyboard */,
				31E7B5C126AC1E0D0062CFEC /* ConversationsViewController.swift */,
			);
			path = Conversations;
			sourceTree = "<group>";
		};
		31E7B5BA26AC1DA60062CFEC /* MyProjects */ = {
			isa = PBXGroup;
			children = (
				31E7B5BE26AC1DE50062CFEC /* MyProjects.storyboard */,
				31E7B5C426AC1E2A0062CFEC /* MyProjectsViewController.swift */,
			);
			path = MyProjects;
			sourceTree = "<group>";
		};
		31E7B5F126AC2A570062CFEC /* Animator */ = {
			isa = PBXGroup;
			children = (
				31E7B5F226AC2A640062CFEC /* Animator.swift */,
			);
			path = Animator;
			sourceTree = "<group>";
		};
		31E7B5F626AC33FA0062CFEC /* ProjectEditor */ = {
			isa = PBXGroup;
			children = (
				31E7B5F726AC340A0062CFEC /* ProjectEditor.storyboard */,
				31E7B5FA26AC34260062CFEC /* ProjectEditorViewController.swift */,
			);
			path = ProjectEditor;
			sourceTree = "<group>";
		};
		31E86D8F26AABEFF00A96947 = {
			isa = PBXGroup;
			children = (
				31E86D9A26AABF0000A96947 /* Connect */,
				31E86D9926AABEFF00A96947 /* Products */,
				675E44562AEF1DC2B95F3D60 /* Pods */,
				B9C6EE0B59C4ACF06A2ED25F /* Frameworks */,
			);
			sourceTree = "<group>";
		};
		31E86D9926AABEFF00A96947 /* Products */ = {
			isa = PBXGroup;
			children = (
				31E86D9826AABEFF00A96947 /* Connect.app */,
			);
			name = Products;
			sourceTree = "<group>";
		};
		31E86D9A26AABF0000A96947 /* Connect */ = {
			isa = PBXGroup;
			children = (
				31E86DC826AAC0E500A96947 /* Application */,
				31E86DCD26AAC0F800A96947 /* Common */,
				31E86DCB26AAC0F200A96947 /* Modules */,
				31E86DC926AAC0EA00A96947 /* Resources */,
			);
			path = Connect;
			sourceTree = "<group>";
		};
		31E86DC826AAC0E500A96947 /* Application */ = {
			isa = PBXGroup;
			children = (
				31E86D9B26AABF0000A96947 /* AppDelegate.swift */,
				31E86D9D26AABF0000A96947 /* SceneDelegate.swift */,
				31E86DA626AABF0200A96947 /* LaunchScreen.storyboard */,
				31E86DA926AABF0200A96947 /* Info.plist */,
				31E86E0326AAD35E00A96947 /* GoogleService-Info.plist */,
			);
			path = Application;
			sourceTree = "<group>";
		};
		31E86DC926AAC0EA00A96947 /* Resources */ = {
			isa = PBXGroup;
			children = (
				31E86DA426AABF0200A96947 /* Assets.xcassets */,
			);
			path = Resources;
			sourceTree = "<group>";
		};
		31E86DCB26AAC0F200A96947 /* Modules */ = {
			isa = PBXGroup;
			children = (
				31E7B5F626AC33FA0062CFEC /* ProjectEditor */,
				31E7B5BA26AC1DA60062CFEC /* MyProjects */,
				31E7B5B926AC1D9A0062CFEC /* Conversations */,
				317D82B526AB463500EB62EC /* Home */,
				317D82B026AB45D600EB62EC /* Navigation */,
				31E86DEE26AAC96C00A96947 /* Authentication */,
			);
			path = Modules;
			sourceTree = "<group>";
		};
		31E86DCD26AAC0F800A96947 /* Common */ = {
			isa = PBXGroup;
			children = (
				31E7B5F126AC2A570062CFEC /* Animator */,
				317D82BF26AB4CB100EB62EC /* CurrentUser */,
				317D82A926AB1C4800EB62EC /* Models */,
				317D828426AB0DD300EB62EC /* Services */,
				317D827E26AB0B2700EB62EC /* Constants */,
				31E86E1E26AAD52500A96947 /* Alerter */,
				31E86DF526AAC9BB00A96947 /* Extensions */,
			);
			path = Common;
			sourceTree = "<group>";
		};
		31E86DEE26AAC96C00A96947 /* Authentication */ = {
			isa = PBXGroup;
			children = (
				31E86DEF26AAC97F00A96947 /* Authentication.storyboard */,
				31E86DF226AAC99A00A96947 /* LoginViewController.swift */,
				31E86DFC26AAD15300A96947 /* RegisterViewController.swift */,
				31E86DF926AACE6B00A96947 /* LoginNavigationViewController.swift */,
			);
			path = Authentication;
			sourceTree = "<group>";
		};
		31E86DF526AAC9BB00A96947 /* Extensions */ = {
			isa = PBXGroup;
			children = (
				31E86DF626AAC9D500A96947 /* StoryboardExtension.swift */,
				31E86DFF26AAD1D900A96947 /* UITextFieldExtension.swift */,
				31E86E5B26AAE48C00A96947 /* UIViewControllerExtension.swift */,
				317D82AD26AB441800EB62EC /* UIColorExtension.swift */,
				31E7B62026AC4C630062CFEC /* WSTagsFieldExtension.swift */,
			);
			path = Extensions;
			sourceTree = "<group>";
		};
		31E86E1E26AAD52500A96947 /* Alerter */ = {
			isa = PBXGroup;
			children = (
				31E86E1F26AAD52D00A96947 /* Alerter.swift */,
			);
			path = Alerter;
			sourceTree = "<group>";
		};
		31F72B8A26AD6C610094892E /* TableView */ = {
			isa = PBXGroup;
			children = (
				31F72B8B26AD6C7F0094892E /* HomeTableViewCell.swift */,
				31F72B8C26AD6C7F0094892E /* HomeTableViewCell.xib */,
			);
			path = TableView;
			sourceTree = "<group>";
		};
		675E44562AEF1DC2B95F3D60 /* Pods */ = {
			isa = PBXGroup;
			children = (
				0F9ABDA4BCE5C2E9C40660B4 /* Pods-Connect.debug.xcconfig */,
				35EB784B9E5DC9635B0E0F43 /* Pods-Connect.release.xcconfig */,
			);
			path = Pods;
			sourceTree = "<group>";
		};
		B9C6EE0B59C4ACF06A2ED25F /* Frameworks */ = {
			isa = PBXGroup;
			children = (
				2FF331DFEB7151D9D9BA7EC9 /* Pods_Connect.framework */,
			);
			name = Frameworks;
			sourceTree = "<group>";
		};
/* End PBXGroup section */

/* Begin PBXNativeTarget section */
		31E86D9726AABEFF00A96947 /* Connect */ = {
			isa = PBXNativeTarget;
			buildConfigurationList = 31E86DAC26AABF0200A96947 /* Build configuration list for PBXNativeTarget "Connect" */;
			buildPhases = (
				E60EFAAE5A52498D931851C9 /* [CP] Check Pods Manifest.lock */,
				31E86D9426AABEFF00A96947 /* Sources */,
				31E86D9526AABEFF00A96947 /* Frameworks */,
				31E86D9626AABEFF00A96947 /* Resources */,
				33E9D181324361554109BEB2 /* [CP] Embed Pods Frameworks */,
			);
			buildRules = (
			);
			dependencies = (
			);
			name = Connect;
			productName = Connect;
			productReference = 31E86D9826AABEFF00A96947 /* Connect.app */;
			productType = "com.apple.product-type.application";
		};
/* End PBXNativeTarget section */

/* Begin PBXProject section */
		31E86D9026AABEFF00A96947 /* Project object */ = {
			isa = PBXProject;
			attributes = {
				LastSwiftUpdateCheck = 1240;
				LastUpgradeCheck = 1240;
				TargetAttributes = {
					31E86D9726AABEFF00A96947 = {
						CreatedOnToolsVersion = 12.4;
					};
				};
			};
			buildConfigurationList = 31E86D9326AABEFF00A96947 /* Build configuration list for PBXProject "Connect" */;
			compatibilityVersion = "Xcode 9.3";
			developmentRegion = en;
			hasScannedForEncodings = 0;
			knownRegions = (
				en,
				Base,
			);
			mainGroup = 31E86D8F26AABEFF00A96947;
			productRefGroup = 31E86D9926AABEFF00A96947 /* Products */;
			projectDirPath = "";
			projectRoot = "";
			targets = (
				31E86D9726AABEFF00A96947 /* Connect */,
			);
		};
/* End PBXProject section */

/* Begin PBXResourcesBuildPhase section */
		31E86D9626AABEFF00A96947 /* Resources */ = {
			isa = PBXResourcesBuildPhase;
			buildActionMask = 2147483647;
			files = (
				31E86DF026AAC97F00A96947 /* Authentication.storyboard in Resources */,
				31E86E0426AAD35E00A96947 /* GoogleService-Info.plist in Resources */,
				31E7B5BC26AC1DC70062CFEC /* Conversations.storyboard in Resources */,
				317D82B226AB45E300EB62EC /* Navigation.storyboard in Resources */,
				31E7B5F826AC340A0062CFEC /* ProjectEditor.storyboard in Resources */,
				31E7B5BF26AC1DE50062CFEC /* MyProjects.storyboard in Resources */,
				317D82B726AB463E00EB62EC /* Home.storyboard in Resources */,
				31E86DA826AABF0200A96947 /* LaunchScreen.storyboard in Resources */,
				31F72B8E26AD6C7F0094892E /* HomeTableViewCell.xib in Resources */,
				31E86DA526AABF0200A96947 /* Assets.xcassets in Resources */,
			);
			runOnlyForDeploymentPostprocessing = 0;
		};
/* End PBXResourcesBuildPhase section */

/* Begin PBXShellScriptBuildPhase section */
		33E9D181324361554109BEB2 /* [CP] Embed Pods Frameworks */ = {
			isa = PBXShellScriptBuildPhase;
			buildActionMask = 2147483647;
			files = (
			);
			inputFileListPaths = (
				"${PODS_ROOT}/Target Support Files/Pods-Connect/Pods-Connect-frameworks-${CONFIGURATION}-input-files.xcfilelist",
			);
			name = "[CP] Embed Pods Frameworks";
			outputFileListPaths = (
				"${PODS_ROOT}/Target Support Files/Pods-Connect/Pods-Connect-frameworks-${CONFIGURATION}-output-files.xcfilelist",
			);
			runOnlyForDeploymentPostprocessing = 0;
			shellPath = /bin/sh;
			shellScript = "\"${PODS_ROOT}/Target Support Files/Pods-Connect/Pods-Connect-frameworks.sh\"\n";
			showEnvVarsInLog = 0;
		};
		E60EFAAE5A52498D931851C9 /* [CP] Check Pods Manifest.lock */ = {
			isa = PBXShellScriptBuildPhase;
			buildActionMask = 2147483647;
			files = (
			);
			inputFileListPaths = (
			);
			inputPaths = (
				"${PODS_PODFILE_DIR_PATH}/Podfile.lock",
				"${PODS_ROOT}/Manifest.lock",
			);
			name = "[CP] Check Pods Manifest.lock";
			outputFileListPaths = (
			);
			outputPaths = (
				"$(DERIVED_FILE_DIR)/Pods-Connect-checkManifestLockResult.txt",
			);
			runOnlyForDeploymentPostprocessing = 0;
			shellPath = /bin/sh;
			shellScript = "diff \"${PODS_PODFILE_DIR_PATH}/Podfile.lock\" \"${PODS_ROOT}/Manifest.lock\" > /dev/null\nif [ $? != 0 ] ; then\n    # print error to STDERR\n    echo \"error: The sandbox is not in sync with the Podfile.lock. Run 'pod install' or update your CocoaPods installation.\" >&2\n    exit 1\nfi\n# This output is used by Xcode 'outputs' to avoid re-running this script phase.\necho \"SUCCESS\" > \"${SCRIPT_OUTPUT_FILE_0}\"\n";
			showEnvVarsInLog = 0;
		};
/* End PBXShellScriptBuildPhase section */

/* Begin PBXSourcesBuildPhase section */
		31E86D9426AABEFF00A96947 /* Sources */ = {
			isa = PBXSourcesBuildPhase;
			buildActionMask = 2147483647;
			files = (
				31E86DF326AAC99A00A96947 /* LoginViewController.swift in Sources */,
				317D828026AB0B3500EB62EC /* AuthConstants.swift in Sources */,
				31F72B8D26AD6C7F0094892E /* HomeTableViewCell.swift in Sources */,
				31E86D9C26AABF0000A96947 /* AppDelegate.swift in Sources */,
				315A055D26ACC35500853C6B /* Project.swift in Sources */,
				31E7B5F326AC2A640062CFEC /* Animator.swift in Sources */,
				31E86E5C26AAE48C00A96947 /* UIViewControllerExtension.swift in Sources */,
				31E7B62426AC52910062CFEC /* BadWords.swift in Sources */,
				31E86E0026AAD1D900A96947 /* UITextFieldExtension.swift in Sources */,
				31E7B5C226AC1E0D0062CFEC /* ConversationsViewController.swift in Sources */,
				31E7B5FB26AC34260062CFEC /* ProjectEditorViewController.swift in Sources */,
				317D82BA26AB465C00EB62EC /* HomeViewController.swift in Sources */,
				31E86DF726AAC9D500A96947 /* StoryboardExtension.swift in Sources */,
				31E7B62126AC4C630062CFEC /* WSTagsFieldExtension.swift in Sources */,
				31E7B5C526AC1E2A0062CFEC /* MyProjectsViewController.swift in Sources */,
				315A055926ACBC3700853C6B /* DatabaseDocument.swift in Sources */,
				317D82AE26AB441800EB62EC /* UIColorExtension.swift in Sources */,
				317D82BD26AB471600EB62EC /* NavigationTabBarViewController.swift in Sources */,
				31E86DFD26AAD15300A96947 /* RegisterViewController.swift in Sources */,
				31E86D9E26AABF0000A96947 /* SceneDelegate.swift in Sources */,
				317D828626AB0DE200EB62EC /* APICaller.swift in Sources */,
				31E86DFA26AACE6B00A96947 /* LoginNavigationViewController.swift in Sources */,
				31E86E2026AAD52D00A96947 /* Alerter.swift in Sources */,
				317D82C126AB4CC500EB62EC /* CurrentUser.swift in Sources */,
				317D82AB26AB1C5F00EB62EC /* GithubAuthResponse.swift in Sources */,
				315A055626ACA0B300853C6B /* DatabaseHandler.swift in Sources */,
			);
			runOnlyForDeploymentPostprocessing = 0;
		};
/* End PBXSourcesBuildPhase section */

/* Begin PBXVariantGroup section */
		31E86DA626AABF0200A96947 /* LaunchScreen.storyboard */ = {
			isa = PBXVariantGroup;
			children = (
				31E86DA726AABF0200A96947 /* Base */,
			);
			name = LaunchScreen.storyboard;
			sourceTree = "<group>";
		};
/* End PBXVariantGroup section */

/* Begin XCBuildConfiguration section */
		31E86DAA26AABF0200A96947 /* Debug */ = {
			isa = XCBuildConfiguration;
			buildSettings = {
				ALWAYS_SEARCH_USER_PATHS = NO;
				CLANG_ANALYZER_NONNULL = YES;
				CLANG_ANALYZER_NUMBER_OBJECT_CONVERSION = YES_AGGRESSIVE;
				CLANG_CXX_LANGUAGE_STANDARD = "gnu++14";
				CLANG_CXX_LIBRARY = "libc++";
				CLANG_ENABLE_MODULES = YES;
				CLANG_ENABLE_OBJC_ARC = YES;
				CLANG_ENABLE_OBJC_WEAK = YES;
				CLANG_WARN_BLOCK_CAPTURE_AUTORELEASING = YES;
				CLANG_WARN_BOOL_CONVERSION = YES;
				CLANG_WARN_COMMA = YES;
				CLANG_WARN_CONSTANT_CONVERSION = YES;
				CLANG_WARN_DEPRECATED_OBJC_IMPLEMENTATIONS = YES;
				CLANG_WARN_DIRECT_OBJC_ISA_USAGE = YES_ERROR;
				CLANG_WARN_DOCUMENTATION_COMMENTS = YES;
				CLANG_WARN_EMPTY_BODY = YES;
				CLANG_WARN_ENUM_CONVERSION = YES;
				CLANG_WARN_INFINITE_RECURSION = YES;
				CLANG_WARN_INT_CONVERSION = YES;
				CLANG_WARN_NON_LITERAL_NULL_CONVERSION = YES;
				CLANG_WARN_OBJC_IMPLICIT_RETAIN_SELF = YES;
				CLANG_WARN_OBJC_LITERAL_CONVERSION = YES;
				CLANG_WARN_OBJC_ROOT_CLASS = YES_ERROR;
				CLANG_WARN_QUOTED_INCLUDE_IN_FRAMEWORK_HEADER = YES;
				CLANG_WARN_RANGE_LOOP_ANALYSIS = YES;
				CLANG_WARN_STRICT_PROTOTYPES = YES;
				CLANG_WARN_SUSPICIOUS_MOVE = YES;
				CLANG_WARN_UNGUARDED_AVAILABILITY = YES_AGGRESSIVE;
				CLANG_WARN_UNREACHABLE_CODE = YES;
				CLANG_WARN__DUPLICATE_METHOD_MATCH = YES;
				COPY_PHASE_STRIP = NO;
				DEBUG_INFORMATION_FORMAT = dwarf;
				ENABLE_STRICT_OBJC_MSGSEND = YES;
				ENABLE_TESTABILITY = YES;
				GCC_C_LANGUAGE_STANDARD = gnu11;
				GCC_DYNAMIC_NO_PIC = NO;
				GCC_NO_COMMON_BLOCKS = YES;
				GCC_OPTIMIZATION_LEVEL = 0;
				GCC_PREPROCESSOR_DEFINITIONS = (
					"DEBUG=1",
					"$(inherited)",
				);
				GCC_WARN_64_TO_32_BIT_CONVERSION = YES;
				GCC_WARN_ABOUT_RETURN_TYPE = YES_ERROR;
				GCC_WARN_UNDECLARED_SELECTOR = YES;
				GCC_WARN_UNINITIALIZED_AUTOS = YES_AGGRESSIVE;
				GCC_WARN_UNUSED_FUNCTION = YES;
				GCC_WARN_UNUSED_VARIABLE = YES;
				IPHONEOS_DEPLOYMENT_TARGET = 14.4;
				MTL_ENABLE_DEBUG_INFO = INCLUDE_SOURCE;
				MTL_FAST_MATH = YES;
				ONLY_ACTIVE_ARCH = YES;
				SDKROOT = iphoneos;
				SWIFT_ACTIVE_COMPILATION_CONDITIONS = DEBUG;
				SWIFT_OPTIMIZATION_LEVEL = "-Onone";
			};
			name = Debug;
		};
		31E86DAB26AABF0200A96947 /* Release */ = {
			isa = XCBuildConfiguration;
			buildSettings = {
				ALWAYS_SEARCH_USER_PATHS = NO;
				CLANG_ANALYZER_NONNULL = YES;
				CLANG_ANALYZER_NUMBER_OBJECT_CONVERSION = YES_AGGRESSIVE;
				CLANG_CXX_LANGUAGE_STANDARD = "gnu++14";
				CLANG_CXX_LIBRARY = "libc++";
				CLANG_ENABLE_MODULES = YES;
				CLANG_ENABLE_OBJC_ARC = YES;
				CLANG_ENABLE_OBJC_WEAK = YES;
				CLANG_WARN_BLOCK_CAPTURE_AUTORELEASING = YES;
				CLANG_WARN_BOOL_CONVERSION = YES;
				CLANG_WARN_COMMA = YES;
				CLANG_WARN_CONSTANT_CONVERSION = YES;
				CLANG_WARN_DEPRECATED_OBJC_IMPLEMENTATIONS = YES;
				CLANG_WARN_DIRECT_OBJC_ISA_USAGE = YES_ERROR;
				CLANG_WARN_DOCUMENTATION_COMMENTS = YES;
				CLANG_WARN_EMPTY_BODY = YES;
				CLANG_WARN_ENUM_CONVERSION = YES;
				CLANG_WARN_INFINITE_RECURSION = YES;
				CLANG_WARN_INT_CONVERSION = YES;
				CLANG_WARN_NON_LITERAL_NULL_CONVERSION = YES;
				CLANG_WARN_OBJC_IMPLICIT_RETAIN_SELF = YES;
				CLANG_WARN_OBJC_LITERAL_CONVERSION = YES;
				CLANG_WARN_OBJC_ROOT_CLASS = YES_ERROR;
				CLANG_WARN_QUOTED_INCLUDE_IN_FRAMEWORK_HEADER = YES;
				CLANG_WARN_RANGE_LOOP_ANALYSIS = YES;
				CLANG_WARN_STRICT_PROTOTYPES = YES;
				CLANG_WARN_SUSPICIOUS_MOVE = YES;
				CLANG_WARN_UNGUARDED_AVAILABILITY = YES_AGGRESSIVE;
				CLANG_WARN_UNREACHABLE_CODE = YES;
				CLANG_WARN__DUPLICATE_METHOD_MATCH = YES;
				COPY_PHASE_STRIP = NO;
				DEBUG_INFORMATION_FORMAT = "dwarf-with-dsym";
				ENABLE_NS_ASSERTIONS = NO;
				ENABLE_STRICT_OBJC_MSGSEND = YES;
				GCC_C_LANGUAGE_STANDARD = gnu11;
				GCC_NO_COMMON_BLOCKS = YES;
				GCC_WARN_64_TO_32_BIT_CONVERSION = YES;
				GCC_WARN_ABOUT_RETURN_TYPE = YES_ERROR;
				GCC_WARN_UNDECLARED_SELECTOR = YES;
				GCC_WARN_UNINITIALIZED_AUTOS = YES_AGGRESSIVE;
				GCC_WARN_UNUSED_FUNCTION = YES;
				GCC_WARN_UNUSED_VARIABLE = YES;
				IPHONEOS_DEPLOYMENT_TARGET = 14.4;
				MTL_ENABLE_DEBUG_INFO = NO;
				MTL_FAST_MATH = YES;
				SDKROOT = iphoneos;
				SWIFT_COMPILATION_MODE = wholemodule;
				SWIFT_OPTIMIZATION_LEVEL = "-O";
				VALIDATE_PRODUCT = YES;
			};
			name = Release;
		};
		31E86DAD26AABF0200A96947 /* Debug */ = {
			isa = XCBuildConfiguration;
			baseConfigurationReference = 0F9ABDA4BCE5C2E9C40660B4 /* Pods-Connect.debug.xcconfig */;
			buildSettings = {
				ASSETCATALOG_COMPILER_APPICON_NAME = AppIcon;
				ASSETCATALOG_COMPILER_GLOBAL_ACCENT_COLOR_NAME = AccentColor;
				CODE_SIGN_STYLE = Automatic;
				DEVELOPMENT_TEAM = P675Y7Z4V8;
				INFOPLIST_FILE = Connect/Application/Info.plist;
				LD_RUNPATH_SEARCH_PATHS = (
					"$(inherited)",
					"@executable_path/Frameworks",
				);
				PRODUCT_BUNDLE_IDENTIFIER = dmartan.Connect;
				PRODUCT_NAME = "$(TARGET_NAME)";
				SWIFT_VERSION = 5.0;
				TARGETED_DEVICE_FAMILY = "1,2";
			};
			name = Debug;
		};
		31E86DAE26AABF0200A96947 /* Release */ = {
			isa = XCBuildConfiguration;
			baseConfigurationReference = 35EB784B9E5DC9635B0E0F43 /* Pods-Connect.release.xcconfig */;
			buildSettings = {
				ASSETCATALOG_COMPILER_APPICON_NAME = AppIcon;
				ASSETCATALOG_COMPILER_GLOBAL_ACCENT_COLOR_NAME = AccentColor;
				CODE_SIGN_STYLE = Automatic;
				DEVELOPMENT_TEAM = P675Y7Z4V8;
				INFOPLIST_FILE = Connect/Application/Info.plist;
				LD_RUNPATH_SEARCH_PATHS = (
					"$(inherited)",
					"@executable_path/Frameworks",
				);
				PRODUCT_BUNDLE_IDENTIFIER = dmartan.Connect;
				PRODUCT_NAME = "$(TARGET_NAME)";
				SWIFT_VERSION = 5.0;
				TARGETED_DEVICE_FAMILY = "1,2";
			};
			name = Release;
		};
/* End XCBuildConfiguration section */

/* Begin XCConfigurationList section */
		31E86D9326AABEFF00A96947 /* Build configuration list for PBXProject "Connect" */ = {
			isa = XCConfigurationList;
			buildConfigurations = (
				31E86DAA26AABF0200A96947 /* Debug */,
				31E86DAB26AABF0200A96947 /* Release */,
			);
			defaultConfigurationIsVisible = 0;
			defaultConfigurationName = Release;
		};
		31E86DAC26AABF0200A96947 /* Build configuration list for PBXNativeTarget "Connect" */ = {
			isa = XCConfigurationList;
			buildConfigurations = (
				31E86DAD26AABF0200A96947 /* Debug */,
				31E86DAE26AABF0200A96947 /* Release */,
			);
			defaultConfigurationIsVisible = 0;
			defaultConfigurationName = Release;
		};
/* End XCConfigurationList section */
	};
	rootObject = 31E86D9026AABEFF00A96947 /* Project object */;
}
